{
    "_meta": {
        "hash": {
            "sha256": "e4c46cd5eb87eed904cadd47b97422d0907af558b39596d9272d092c6201df0d"
        },
        "pipfile-spec": 6,
        "requires": {
            "python_version": "3.6"
        },
        "sources": [
            {
                "name": "pypi",
                "url": "https://pypi.python.org/simple",
                "verify_ssl": true
            }
        ]
    },
    "default": {
        "blinker": {
            "hashes": [
                "sha256:471aee25f3992bd325afa3772f1063dbdbbca947a041b8b89466dc00d606f8b6"
            ],
            "version": "==1.4"
        },
        "docopt": {
            "hashes": [
                "sha256:49b3a825280bd66b3aa83585ef59c4a8c82f2c8a522dbe754a8bc8d08c85c491"
            ],
            "index": "pypi",
            "version": "==0.6.2"
        },
        "docutils": {
            "hashes": [
                "sha256:02aec4bd92ab067f6ff27a38a38a41173bf01bed8f89157768c1573f53e474a6",
                "sha256:51e64ef2ebfb29cae1faa133b3710143496eca21c530f3f71424d77687764274",
                "sha256:7a4bd47eaf6596e1295ecb11361139febe29b084a87bf005bf899f9a42edc3c6"
            ],
            "version": "==0.14"
        },
        "feedgenerator": {
            "hashes": [
                "sha256:5ae05daa9cfa47fa406ee4744d0b7fa1c8a05a7a47ee0ad328ddf55327cfb106"
            ],
            "version": "==1.9"
        },
        "ghp-import": {
            "hashes": [
                "sha256:3e924ea720e4e1f82d56753db2154bfb86067472c5830732159c3a4c4fbc75d7"
            ],
            "index": "pypi",
            "version": "==0.5.5"
        },
        "jinja2": {
            "hashes": [
                "sha256:74c935a1b8bb9a3947c50a54766a969d4846290e1e788ea44c1392163723c3bd",
                "sha256:f84be1bb0040caca4cea721fcbbbbd61f9be9464ca236387158b0feea01914a4"
            ],
            "version": "==2.10"
        },
        "kroman": {
            "hashes": [
                "sha256:dc762b1177a454e7b77fed4f8e17243fd09b3f3a4fbfb30621f1a66e99e7f9be"
            ],
            "index": "pypi",
            "version": "==1.1"
        },
        "markdown": {
            "hashes": [
                "sha256:9ba587db9daee7ec761cfc656272be6aabe2ed300fece21208e4aab2e457bc8f",
                "sha256:a856869c7ff079ad84a3e19cd87a64998350c2b94e9e08e44270faef33400f81"
            ],
            "index": "pypi",
            "version": "==2.6.11"
        },
        "markupsafe": {
            "hashes": [
                "sha256:a6be69091dac236ea9c6bc7d012beab42010fa914c459791d627dad4910eb665"
            ],
            "version": "==1.0"
        },
        "pelican": {
            "hashes": [
                "sha256:2a5347fe47464ee743bff99b6e81d1b5823f2e70e7be5bd6ed66a5bdd5f3578b",
                "sha256:f1456c163a963d498abd741ea7c6f47984365ecd8bbd6e118c44e247815cb7ef"
            ],
            "index": "pypi",
            "version": "==3.7.1"
        },
        "pendulum": {
            "hashes": [
                "sha256:395bfe54a737ec6a4a95e5850753dddefe52bd54461de896afc4ce2ac91d4b78",
                "sha256:3f9f1927582fc2b850a07163ecac86da89e5a26ddf86ef4b41ac502bb3f17428",
                "sha256:68c193cb63ac065f403f1be7ce8c89bf30f08adeb263a733435e69e30b86faf9",
                "sha256:70ba2cf4c9acee0e6b0d9d32f21b0d8a5d12b9d759c7e289982c775159027897",
                "sha256:a6138aab0e7a983ca40e5349735ca86a72e710e5c74bc3ebb03d3ade83df6a89",
                "sha256:b05cabedbd434f0848981ac5bf405ed03d6586be64185c50ac94cb1bc3398a85",
                "sha256:bea008b210f8b4ed7a62315a76e7e4d721f572b183d470486f4cf995a690be3f",
                "sha256:ccfad31f7f2c8eabe0a791f196b27119ce53bc2c6d0cc73230413bc25ea057df",
                "sha256:d1fdc005c6513ad85141c6f30a719b79bf2a85599ab0b8b40955bf8f103c9c33",
                "sha256:de327b5b1567dc19ddb0b8b0e2c50170b61d743e2d3c9b5884f458b7a81ac137"
            ],
            "index": "pypi",
            "version": "==1.5.0"
        },
        "pygments": {
            "hashes": [
                "sha256:78f3f434bcc5d6ee09020f92ba487f95ba50f1e3ef83ae96b9d5ffa1bab25c5d",
                "sha256:dbae1046def0efb574852fab9e90209b23f556367b5a320c0bcb871c77c3e8cc"
            ],
            "version": "==2.2.0"
        },
        "python-dateutil": {
            "hashes": [
                "sha256:3220490fb9741e2342e1cf29a503394fdac874bc39568288717ee67047ff29df",
                "sha256:9d8074be4c993fbe4947878ce593052f71dac82932a677d49194d8ce9778002e"
            ],
            "version": "==2.7.2"
        },
        "pytz": {
            "hashes": [
                "sha256:65ae0c8101309c45772196b21b74c46b2e5d11b6275c45d251b150d5da334555",
                "sha256:c06425302f2cf668f1bba7a0a03f3c1d34d4ebeef2c72003da308b3947c7f749"
            ],
            "version": "==2018.4"
        },
        "pytzdata": {
            "hashes": [
                "sha256:2a62eb59c4dbc9a1b2ca3948f07cd448ca5ee1ebdd2bac677494e9a6b01c3670",
                "sha256:33456d0c1a9f6dc103749b3a00099a8b5bfea9d1c292526ec3dffe5c7df1f752"
            ],
            "version": "==2018.4"
        },
        "six": {
            "hashes": [
                "sha256:70e8a77beed4562e7f14fe23a786b54f6296e34344c23bc42f07b15018ff98e9",
                "sha256:832dc0e10feb1aa2c68dcc57dbb658f1c7e65b9b61af69048abc87a2db00a0eb"
            ],
            "version": "==1.11.0"
        },
        "smartypants": {
            "hashes": [
                "sha256:8db97f7cbdf08d15b158a86037cd9e116b4cf37703d24e0419a0d64ca5808f0d"
            ],
            "version": "==2.0.1"
        },
        "typogrify": {
            "hashes": [
                "sha256:8be4668cda434163ce229d87ca273a11922cb1614cb359970b7dc96eed13cb38"
            ],
            "index": "pypi",
            "version": "==2.0.7"
        },
        "tzlocal": {
            "hashes": [
                "sha256:4ebeb848845ac898da6519b9b31879cf13b6626f7184c496037b818e238f2c4e"
            ],
            "version": "==1.5.1"
        },
        "unidecode": {
            "hashes": [
                "sha256:72f49d3729f3d8f5799f710b97c1451c5163102e76d64d20e170aedbbd923582",
                "sha256:8c33dd588e0c9bc22a76eaa0c715a5434851f726131bd44a6c26471746efabf5"
            ],
            "version": "==1.0.22"
        }
    },
    "develop": {}
}
